
Microsoft Visual Studio Solution File, Format Version 12.00
# Visual Studio 15
VisualStudioVersion = 15.0.27428.2002
MinimumVisualStudioVersion = 10.0.40219.1
Project("{9A19103F-16F7-4668-BE54-9A1E7A4F7556}") = "DocAPI", "DocAPI\DocAPI.csproj", "{9A8345F9-42B2-4D2E-8101-432CF5A6BA54}"
EndProject
Project("{FAE04EC0-301F-11D3-BF4B-00C04F79EFBC}") = "XUnitTestDocAPI", "XUnitTestDocAPI\XUnitTestDocAPI.csproj", "{3324CDDA-7DE3-490C-BCF2-C14DEE78326C}"
EndProject
Global
	GlobalSection(SolutionConfigurationPlatforms) = preSolution
		Debug|Any CPU = Debug|Any CPU
		Release|Any CPU = Release|Any CPU
	EndGlobalSection
	GlobalSection(ProjectConfigurationPlatforms) = postSolution
		{9A8345F9-42B2-4D2E-8101-432CF5A6BA54}.Debug|Any CPU.ActiveCfg = Debug|Any CPU
		{9A8345F9-42B2-4D2E-8101-432CF5A6BA54}.Debug|Any CPU.Build.0 = Debug|Any CPU
		{9A8345F9-42B2-4D2E-8101-432CF5A6BA54}.Release|Any CPU.ActiveCfg = Release|Any CPU
		{9A8345F9-42B2-4D2E-8101-432CF5A6BA54}.Release|Any CPU.Build.0 = Release|Any CPU
		{3324CDDA-7DE3-490C-BCF2-C14DEE78326C}.Debug|Any CPU.ActiveCfg = Debug|Any CPU
		{3324CDDA-7DE3-490C-BCF2-C14DEE78326C}.Debug|Any CPU.Build.0 = Debug|Any CPU
		{3324CDDA-7DE3-490C-BCF2-C14DEE78326C}.Release|Any CPU.ActiveCfg = Release|Any CPU
		{3324CDDA-7DE3-490C-BCF2-C14DEE78326C}.Release|Any CPU.Build.0 = Release|Any CPU
	EndGlobalSection
	GlobalSection(SolutionProperties) = preSolution
		HideSolutionNode = FALSE
	EndGlobalSection
	GlobalSection(ExtensibilityGlobals) = postSolution
		SolutionGuid = {74DE08AE-049A-415C-B3B2-59499D4B8018}
	EndGlobalSection
EndGlobal
